
Microsoft Visual Studio Solution File, Format Version 12.00
# Visual Studio Version 17
VisualStudioVersion = 17.8.34330.188
MinimumVisualStudioVersion = 10.0.40219.1
Project("{FAE04EC0-301F-11D3-BF4B-00C04F79EFBC}") = "QLLuong1View", "QLLuong1View.csproj", "{0F7ABD4F-E65E-48DB-807C-BF47CF970E53}"
EndProject
Global
	GlobalSection(SolutionConfigurationPlatforms) = preSolution
		Debug|Any CPU = Debug|Any CPU
		Release|Any CPU = Release|Any CPU
	EndGlobalSection
	GlobalSection(ProjectConfigurationPlatforms) = postSolution
		{0F7ABD4F-E65E-48DB-807C-BF47CF970E53}.Debug|Any CPU.ActiveCfg = Debug|Any CPU
		{0F7ABD4F-E65E-48DB-807C-BF47CF970E53}.Debug|Any CPU.Build.0 = Debug|Any CPU
		{0F7ABD4F-E65E-48DB-807C-BF47CF970E53}.Release|Any CPU.ActiveCfg = Release|Any CPU
		{0F7ABD4F-E65E-48DB-807C-BF47CF970E53}.Release|Any CPU.Build.0 = Release|Any CPU
	EndGlobalSection
	GlobalSection(SolutionProperties) = preSolution
		HideSolutionNode = FALSE
	EndGlobalSection
	GlobalSection(ExtensibilityGlobals) = postSolution
		SolutionGuid = {89BB3C48-4F9B-43AB-802F-AE10643BB364}
	EndGlobalSection
EndGlobal
